
Microsoft Visual Studio Solution File, Format Version 12.00
# Visual Studio Version 17
VisualStudioVersion = 17.7.34031.279
MinimumVisualStudioVersion = 10.0.40219.1
Project("{FAE04EC0-301F-11D3-BF4B-00C04F79EFBC}") = "XipherDesktop", "XipherDesktop.csproj", "{E03C7F73-A742-44C7-833D-4E0EDAF0EDFF}"
EndProject
Global
	GlobalSection(SolutionConfigurationPlatforms) = preSolution
		Debug|Any CPU = Debug|Any CPU
		Release|Any CPU = Release|Any CPU
	EndGlobalSection
	GlobalSection(ProjectConfigurationPlatforms) = postSolution
		{E03C7F73-A742-44C7-833D-4E0EDAF0EDFF}.Debug|Any CPU.ActiveCfg = Debug|Any CPU
		{E03C7F73-A742-44C7-833D-4E0EDAF0EDFF}.Debug|Any CPU.Build.0 = Debug|Any CPU
		{E03C7F73-A742-44C7-833D-4E0EDAF0EDFF}.Release|Any CPU.ActiveCfg = Release|Any CPU
		{E03C7F73-A742-44C7-833D-4E0EDAF0EDFF}.Release|Any CPU.Build.0 = Release|Any CPU
	EndGlobalSection
	GlobalSection(SolutionProperties) = preSolution
		HideSolutionNode = FALSE
	EndGlobalSection
	GlobalSection(ExtensibilityGlobals) = postSolution
		SolutionGuid = {07BAD3BD-1CE6-43C6-A566-1F90138F0260}
	EndGlobalSection
EndGlobal
